
Microsoft Visual Studio Solution File, Format Version 12.00
# Visual Studio 14
VisualStudioVersion = 14.0.25123.0
MinimumVisualStudioVersion = 10.0.40219.1
Project("{FAE04EC0-301F-11D3-BF4B-00C04F79EFBC}") = "Desymbolizer", "WindowsFormsApplication2\Desymbolizer.csproj", "{D2222C83-4F18-4394-B7DB-CF292C7701AF}"
EndProject
Global
	GlobalSection(SolutionConfigurationPlatforms) = preSolution
		Debug|Any CPU = Debug|Any CPU
		Release|Any CPU = Release|Any CPU
	EndGlobalSection
	GlobalSection(ProjectConfigurationPlatforms) = postSolution
		{D2222C83-4F18-4394-B7DB-CF292C7701AF}.Debug|Any CPU.ActiveCfg = Debug|Any CPU
		{D2222C83-4F18-4394-B7DB-CF292C7701AF}.Debug|Any CPU.Build.0 = Debug|Any CPU
		{D2222C83-4F18-4394-B7DB-CF292C7701AF}.Release|Any CPU.ActiveCfg = Release|Any CPU
		{D2222C83-4F18-4394-B7DB-CF292C7701AF}.Release|Any CPU.Build.0 = Release|Any CPU
	EndGlobalSection
	GlobalSection(SolutionProperties) = preSolution
		HideSolutionNode = FALSE
	EndGlobalSection
EndGlobal
